
Microsoft Visual Studio Solution File, Format Version 12.00
# Visual Studio 2013
VisualStudioVersion = 12.0.31101.0
MinimumVisualStudioVersion = 10.0.40219.1
Project("{2150E333-8FDC-42A3-9474-1A3956D46DE8}") = "ClusterProtocol", "ClusterProtocol", "{3850FDB0-B538-4195-B67E-ABB6B24261C6}"
EndProject
Project("{2150E333-8FDC-42A3-9474-1A3956D46DE8}") = "Common", "Common", "{4FFD5CB8-CA2D-4785-8F3A-C48FAEC3CF5A}"
EndProject
Project("{2150E333-8FDC-42A3-9474-1A3956D46DE8}") = "OrleansPileus", "OrleansPileus", "{0B07769F-2831-4F52-873A-F87BED2B3608}"
EndProject
Project("{2150E333-8FDC-42A3-9474-1A3956D46DE8}") = "ReplicatedGrainsAPI", "ReplicatedGrainsAPI", "{D458F10E-6452-4DB3-8DAE-583B0097A70E}"
EndProject
Project("{2150E333-8FDC-42A3-9474-1A3956D46DE8}") = "Strawman", "Strawman", "{35CD7B8D-FA9F-451D-A281-015935852CCA}"
EndProject
Project("{FAE04EC0-301F-11D3-BF4B-00C04F79EFBC}") = "ReplicatedGrains", "Runtime\Strawman\ReplicatedGrains\ReplicatedGrains.csproj", "{98D4DB83-175E-44D5-A14B-9C66EE89F037}"
EndProject
Project("{FAE04EC0-301F-11D3-BF4B-00C04F79EFBC}") = "Examples.Interfaces", "Runtime\Strawman\Examples.Interfaces\Examples.Interfaces.csproj", "{163CCE80-C506-468C-9B28-E2FF198097E3}"
EndProject
Project("{FAE04EC0-301F-11D3-BF4B-00C04F79EFBC}") = "Examples.Grains", "Runtime\Strawman\Examples.Grains\Examples.Grains.csproj", "{DCE9E91E-ADFF-4A01-8868-E42BE859BE81}"
EndProject
Project("{FAE04EC0-301F-11D3-BF4B-00C04F79EFBC}") = "ClusterProtocol.Grains", "Runtime\ClusterProtocol\ClusterProtocol.Grains\ClusterProtocol.Grains.csproj", "{65C74AF4-5ED5-4708-A809-E3F6BABA1C59}"
EndProject
Project("{FAE04EC0-301F-11D3-BF4B-00C04F79EFBC}") = "ClusterProtocol.Interfaces", "Runtime\ClusterProtocol\ClusterProtocol.Interfaces\ClusterProtocol.Interfaces.csproj", "{665BFFBC-CD60-4D31-852F-9154F59E8C95}"
EndProject
Project("{FAE04EC0-301F-11D3-BF4B-00C04F79EFBC}") = "OrleansPileus.Common", "Runtime\OrleansPileus\Common\OrleansPileus.Common.csproj", "{03465169-4A4A-4F85-AB04-A9A2C02CD0E6}"
EndProject
Project("{FAE04EC0-301F-11D3-BF4B-00C04F79EFBC}") = "OrleansPileus.Grains", "Runtime\OrleansPileus\Grains\OrleansPileus.Grains.csproj", "{7434DD11-98BF-47C9-B06F-B6E3B73643DC}"
EndProject
Project("{FAE04EC0-301F-11D3-BF4B-00C04F79EFBC}") = "OrleansPileus.Interfaces", "Runtime\OrleansPileus\Interfaces\OrleansPileus.Interfaces.csproj", "{CE57A328-69EF-4828-A144-422FDDB4CCC0}"
EndProject
Project("{FAE04EC0-301F-11D3-BF4B-00C04F79EFBC}") = "Pileus", "Runtime\OrleansPileus\PileusAzure\Pileus\Pileus.csproj", "{67E3BFB6-5E23-4D50-BB6B-3D5B5FE752AD}"
EndProject
Project("{FAE04EC0-301F-11D3-BF4B-00C04F79EFBC}") = "OrleansPileus.ReplicatedGrains", "Runtime\OrleansPileus\ReplicatedGrains\OrleansPileus.ReplicatedGrains.csproj", "{26802BD9-DDF4-48B5-A478-01FD5EC330E3}"
EndProject
Project("{2150E333-8FDC-42A3-9474-1A3956D46DE8}") = "Runtime", "Runtime", "{19F8458D-CDE7-46C9-A6F1-C67721D4AA4C}"
EndProject
Project("{2150E333-8FDC-42A3-9474-1A3956D46DE8}") = "Benchmarks", "Benchmarks", "{906C1484-9D1B-4010-A897-2E845CAE811C}"
EndProject
Project("{FAE04EC0-301F-11D3-BF4B-00C04F79EFBC}") = "Common", "Runtime\Common\Common.csproj", "{B401B968-9501-4DB3-8B6A-71F227518E75}"
EndProject
Project("{2150E333-8FDC-42A3-9474-1A3956D46DE8}") = ".nuget", ".nuget", "{EC744CB3-1A50-49BA-A3F1-D8B3D29B2ACC}"
	ProjectSection(SolutionItems) = preProject
		.nuget\NuGet.Config = .nuget\NuGet.Config
		.nuget\NuGet.exe = .nuget\NuGet.exe
		.nuget\NuGet.targets = .nuget\NuGet.targets
	EndProjectSection
EndProject
Project("{FAE04EC0-301F-11D3-BF4B-00C04F79EFBC}") = "Azure.Storage", "Benchmarks\Applications\AzureStorage\Azure.Storage.csproj", "{8708E004-E6EA-4A16-8E3F-6EA0AC5E07C0}"
EndProject
Project("{2150E333-8FDC-42A3-9474-1A3956D46DE8}") = "Applications", "Applications", "{17D7BD92-FE48-4363-9100-19EE53B95C05}"
EndProject
Project("{2150E333-8FDC-42A3-9474-1A3956D46DE8}") = "AzureDeployment", "AzureDeployment", "{1343661D-649C-4A5F-BFB7-E4B477A191E6}"
EndProject
Project("{2150E333-8FDC-42A3-9474-1A3956D46DE8}") = "Framework", "Framework", "{111F76F0-7135-4867-A298-C3CF67FD9AE5}"
EndProject
Project("{2150E333-8FDC-42A3-9474-1A3956D46DE8}") = "Computation", "Computation", "{ABB0FE41-F8CB-4B73-8411-DB57008D233F}"
EndProject
Project("{2150E333-8FDC-42A3-9474-1A3956D46DE8}") = "Hello", "Hello", "{7CA38A0B-4CDC-48D1-AE26-279877B99BE9}"
EndProject
Project("{2150E333-8FDC-42A3-9474-1A3956D46DE8}") = "Leaderboard", "Leaderboard", "{F84F21D7-FE10-41C1-BB44-D6B608A2B309}"
EndProject
Project("{2150E333-8FDC-42A3-9474-1A3956D46DE8}") = "LeaderboardPileus", "LeaderboardPileus", "{A331CBD6-4A4A-4807-99BF-A9D38FBB7B87}"
EndProject
Project("{2150E333-8FDC-42A3-9474-1A3956D46DE8}") = "Size", "Size", "{BB7CD01F-7684-487D-AB28-C7480CB721DF}"
EndProject
Project("{2150E333-8FDC-42A3-9474-1A3956D46DE8}") = "Azure", "Azure", "{648B6512-EE67-49BA-AA9E-6FEDCACB4F12}"
EndProject
Project("{FAE04EC0-301F-11D3-BF4B-00C04F79EFBC}") = "TaskoMeter", "Benchmarks\TaskoMeter\TaskoMeter.csproj", "{B6B493AE-C534-4324-B775-6F4FD4249E5D}"
EndProject
Project("{FAE04EC0-301F-11D3-BF4B-00C04F79EFBC}") = "BenchmarkList", "Benchmarks\Framework\BenchmarkList.csproj", "{666FCF4A-A67F-4409-AFDE-8D8B869A804C}"
EndProject
Project("{FAE04EC0-301F-11D3-BF4B-00C04F79EFBC}") = "BenchmarkCommon", "Benchmarks\Common\BenchmarkCommon.csproj", "{821B5607-BF7F-4C50-8AEC-61F4AFEFDA1B}"
EndProject
Project("{FAE04EC0-301F-11D3-BF4B-00C04F79EFBC}") = "LocalDeployment", "Benchmarks\LocalSimulation\LocalDeployment.csproj", "{3AD197E3-30C1-48BF-AADA-3848F1E988DA}"
EndProject
Project("{CC5FD16D-436D-48AD-A40C-5A424C6E3E79}") = "Conductor", "Benchmarks\Conductor\Conductor.ccproj", "{8EDCF6B4-194B-4CCB-84A3-7B5CEBD872A7}"
EndProject
Project("{FAE04EC0-301F-11D3-BF4B-00C04F79EFBC}") = "Conductor.WebRole", "Benchmarks\Conductor.Webrole\Conductor.WebRole.csproj", "{A37D6739-C131-4976-9E49-5BCC7BB8A877}"
EndProject
Project("{FAE04EC0-301F-11D3-BF4B-00C04F79EFBC}") = "LoadGenerator.WorkerRole", "Benchmarks\LoadGenerator.WorkerRole\LoadGenerator.WorkerRole.csproj", "{F62FCFD1-C54D-46C8-B580-935A85E7AEEB}"
EndProject
Project("{CC5FD16D-436D-48AD-A40C-5A424C6E3E79}") = "Orleans", "Benchmarks\Orleans\Orleans.ccproj", "{3F4DC1A4-47DB-4D47-A11F-A8D022110F50}"
EndProject
Project("{FAE04EC0-301F-11D3-BF4B-00C04F79EFBC}") = "Orleans.Frontend", "Benchmarks\Orleans.Frontend\Orleans.Frontend.csproj", "{2ACBE3EC-9673-4C15-A5B2-CEC12CB49EAC}"
EndProject
Project("{FAE04EC0-301F-11D3-BF4B-00C04F79EFBC}") = "Orleans.Silos", "Benchmarks\Orleans.Silos\Orleans.Silos.csproj", "{6B7E7C7D-FCB5-415C-A361-E653CB9EAD72}"
EndProject
Project("{FAE04EC0-301F-11D3-BF4B-00C04F79EFBC}") = "Computation.Benchmarks", "Benchmarks\Applications\Computation\Benchmarks\Computation.Benchmarks.csproj", "{DFB5C1C6-1D71-4494-B364-E794AE6ED7C2}"
EndProject
Project("{FAE04EC0-301F-11D3-BF4B-00C04F79EFBC}") = "Computation.Interfaces", "Benchmarks\Applications\Computation\Interfaces\Computation.Interfaces.csproj", "{33FFDA3E-A966-4015-BDCC-3BC79E166653}"
EndProject
Project("{FAE04EC0-301F-11D3-BF4B-00C04F79EFBC}") = "Computation.Grains", "Benchmarks\Applications\Computation\Grains\Computation.Grains.csproj", "{E90FCCBC-C1DE-4D28-A093-522A38ED1901}"
EndProject
Project("{FAE04EC0-301F-11D3-BF4B-00C04F79EFBC}") = "Hello.Benchmark", "Benchmarks\Applications\Hello\Benchmark\Hello.Benchmark.csproj", "{139E86E5-0FD6-4AB2-855A-FD30EA5C1021}"
EndProject
Project("{FAE04EC0-301F-11D3-BF4B-00C04F79EFBC}") = "Hello.Grains", "Benchmarks\Applications\Hello\Grains\Hello.Grains.csproj", "{C0B03590-D395-47D0-B3FC-7FC6213C566B}"
EndProject
Project("{FAE04EC0-301F-11D3-BF4B-00C04F79EFBC}") = "Hello.Interfaces", "Benchmarks\Applications\Hello\Interfaces\Hello.Interfaces.csproj", "{C6D426D7-B79E-4F45-A235-A8B359A7DC10}"
EndProject
Project("{FAE04EC0-301F-11D3-BF4B-00C04F79EFBC}") = "Leaderboard.Benchmark", "Benchmarks\Applications\Leaderboard\Benchmark\Leaderboard.Benchmark.csproj", "{CFCCA2AC-8483-422C-9CB3-C59091B99BF2}"
EndProject
Project("{FAE04EC0-301F-11D3-BF4B-00C04F79EFBC}") = "Leaderboard.Interfaces", "Benchmarks\Applications\Leaderboard\Interfaces\Leaderboard.Interfaces.csproj", "{224FFCB9-50FE-4250-8E6C-052C3E30C225}"
EndProject
Project("{FAE04EC0-301F-11D3-BF4B-00C04F79EFBC}") = "Leaderboard.Grains", "Benchmarks\Applications\Leaderboard\Grains\Leaderboard.Grains.csproj", "{90AE8B1C-D7F2-4FC2-A7FD-2086671B3CDA}"
EndProject
Project("{FAE04EC0-301F-11D3-BF4B-00C04F79EFBC}") = "LeaderboardPileus.Benchmark", "Benchmarks\Applications\LeaderboardPileus\Benchmark\LeaderboardPileus.Benchmark.csproj", "{5C04EB5F-F9EA-4BA1-9FBE-5A31CF842378}"
EndProject
Project("{FAE04EC0-301F-11D3-BF4B-00C04F79EFBC}") = "LeaderboardPileus.Grains", "Benchmarks\Applications\LeaderboardPileus\Grains\LeaderboardPileus.Grains.csproj", "{8B0D1A8E-4233-4C86-B3D2-0C58CF1E3174}"
EndProject
Project("{FAE04EC0-301F-11D3-BF4B-00C04F79EFBC}") = "LeaderboardPileus.Interfaces", "Benchmarks\Applications\LeaderboardPileus\Interfaces\LeaderboardPileus.Interfaces.csproj", "{5C9206FF-03B3-4F96-AD4A-4C7D17DC5825}"
EndProject
Project("{FAE04EC0-301F-11D3-BF4B-00C04F79EFBC}") = "Size.Interfaces", "Benchmarks\Applications\Size\Interfaces\Size.Interfaces.csproj", "{082161E0-3095-4307-BD02-E69CACBB4A39}"
EndProject
Project("{FAE04EC0-301F-11D3-BF4B-00C04F79EFBC}") = "Size.Grains", "Benchmarks\Applications\Size\Grains\Size.Grains.csproj", "{483B3FEA-88E8-4AB2-A3A8-F4CD780660E5}"
EndProject
Project("{FAE04EC0-301F-11D3-BF4B-00C04F79EFBC}") = "Size.Benchmark", "Benchmarks\Applications\Size\Benchmark\Size.Benchmark.csproj", "{6123FB2F-6DAF-4188-8B43-A97261F0424D}"
EndProject
Project("{CC5FD16D-436D-48AD-A40C-5A424C6E3E79}") = "LoadGenerator", "Benchmarks\LoadGenerator\LoadGenerator.ccproj", "{EAA7013B-179C-4082-82B2-D8BCE365F086}"
EndProject
Global
	GlobalSection(SolutionConfigurationPlatforms) = preSolution
		Debug|Any CPU = Debug|Any CPU
		Release|Any CPU = Release|Any CPU
	EndGlobalSection
	GlobalSection(ProjectConfigurationPlatforms) = postSolution
		{98D4DB83-175E-44D5-A14B-9C66EE89F037}.Debug|Any CPU.ActiveCfg = Debug|Any CPU
		{98D4DB83-175E-44D5-A14B-9C66EE89F037}.Debug|Any CPU.Build.0 = Debug|Any CPU
		{98D4DB83-175E-44D5-A14B-9C66EE89F037}.Release|Any CPU.ActiveCfg = Release|Any CPU
		{98D4DB83-175E-44D5-A14B-9C66EE89F037}.Release|Any CPU.Build.0 = Release|Any CPU
		{163CCE80-C506-468C-9B28-E2FF198097E3}.Debug|Any CPU.ActiveCfg = Debug|Any CPU
		{163CCE80-C506-468C-9B28-E2FF198097E3}.Debug|Any CPU.Build.0 = Debug|Any CPU
		{163CCE80-C506-468C-9B28-E2FF198097E3}.Release|Any CPU.ActiveCfg = Release|Any CPU
		{163CCE80-C506-468C-9B28-E2FF198097E3}.Release|Any CPU.Build.0 = Release|Any CPU
		{DCE9E91E-ADFF-4A01-8868-E42BE859BE81}.Debug|Any CPU.ActiveCfg = Debug|Any CPU
		{DCE9E91E-ADFF-4A01-8868-E42BE859BE81}.Debug|Any CPU.Build.0 = Debug|Any CPU
		{DCE9E91E-ADFF-4A01-8868-E42BE859BE81}.Release|Any CPU.ActiveCfg = Release|Any CPU
		{DCE9E91E-ADFF-4A01-8868-E42BE859BE81}.Release|Any CPU.Build.0 = Release|Any CPU
		{65C74AF4-5ED5-4708-A809-E3F6BABA1C59}.Debug|Any CPU.ActiveCfg = Debug|Any CPU
		{65C74AF4-5ED5-4708-A809-E3F6BABA1C59}.Debug|Any CPU.Build.0 = Debug|Any CPU
		{65C74AF4-5ED5-4708-A809-E3F6BABA1C59}.Release|Any CPU.ActiveCfg = Release|Any CPU
		{65C74AF4-5ED5-4708-A809-E3F6BABA1C59}.Release|Any CPU.Build.0 = Release|Any CPU
		{665BFFBC-CD60-4D31-852F-9154F59E8C95}.Debug|Any CPU.ActiveCfg = Debug|Any CPU
		{665BFFBC-CD60-4D31-852F-9154F59E8C95}.Debug|Any CPU.Build.0 = Debug|Any CPU
		{665BFFBC-CD60-4D31-852F-9154F59E8C95}.Release|Any CPU.ActiveCfg = Release|Any CPU
		{665BFFBC-CD60-4D31-852F-9154F59E8C95}.Release|Any CPU.Build.0 = Release|Any CPU
		{03465169-4A4A-4F85-AB04-A9A2C02CD0E6}.Debug|Any CPU.ActiveCfg = Debug|Any CPU
		{03465169-4A4A-4F85-AB04-A9A2C02CD0E6}.Debug|Any CPU.Build.0 = Debug|Any CPU
		{03465169-4A4A-4F85-AB04-A9A2C02CD0E6}.Release|Any CPU.ActiveCfg = Release|Any CPU
		{03465169-4A4A-4F85-AB04-A9A2C02CD0E6}.Release|Any CPU.Build.0 = Release|Any CPU
		{7434DD11-98BF-47C9-B06F-B6E3B73643DC}.Debug|Any CPU.ActiveCfg = Debug|Any CPU
		{7434DD11-98BF-47C9-B06F-B6E3B73643DC}.Debug|Any CPU.Build.0 = Debug|Any CPU
		{7434DD11-98BF-47C9-B06F-B6E3B73643DC}.Release|Any CPU.ActiveCfg = Release|Any CPU
		{7434DD11-98BF-47C9-B06F-B6E3B73643DC}.Release|Any CPU.Build.0 = Release|Any CPU
		{CE57A328-69EF-4828-A144-422FDDB4CCC0}.Debug|Any CPU.ActiveCfg = Debug|Any CPU
		{CE57A328-69EF-4828-A144-422FDDB4CCC0}.Debug|Any CPU.Build.0 = Debug|Any CPU
		{CE57A328-69EF-4828-A144-422FDDB4CCC0}.Release|Any CPU.ActiveCfg = Release|Any CPU
		{CE57A328-69EF-4828-A144-422FDDB4CCC0}.Release|Any CPU.Build.0 = Release|Any CPU
		{67E3BFB6-5E23-4D50-BB6B-3D5B5FE752AD}.Debug|Any CPU.ActiveCfg = Debug|Any CPU
		{67E3BFB6-5E23-4D50-BB6B-3D5B5FE752AD}.Debug|Any CPU.Build.0 = Debug|Any CPU
		{67E3BFB6-5E23-4D50-BB6B-3D5B5FE752AD}.Release|Any CPU.ActiveCfg = Release|Any CPU
		{67E3BFB6-5E23-4D50-BB6B-3D5B5FE752AD}.Release|Any CPU.Build.0 = Release|Any CPU
		{26802BD9-DDF4-48B5-A478-01FD5EC330E3}.Debug|Any CPU.ActiveCfg = Debug|Any CPU
		{26802BD9-DDF4-48B5-A478-01FD5EC330E3}.Debug|Any CPU.Build.0 = Debug|Any CPU
		{26802BD9-DDF4-48B5-A478-01FD5EC330E3}.Release|Any CPU.ActiveCfg = Release|Any CPU
		{26802BD9-DDF4-48B5-A478-01FD5EC330E3}.Release|Any CPU.Build.0 = Release|Any CPU
		{B401B968-9501-4DB3-8B6A-71F227518E75}.Debug|Any CPU.ActiveCfg = Debug|Any CPU
		{B401B968-9501-4DB3-8B6A-71F227518E75}.Debug|Any CPU.Build.0 = Debug|Any CPU
		{B401B968-9501-4DB3-8B6A-71F227518E75}.Release|Any CPU.ActiveCfg = Release|Any CPU
		{B401B968-9501-4DB3-8B6A-71F227518E75}.Release|Any CPU.Build.0 = Release|Any CPU
		{8708E004-E6EA-4A16-8E3F-6EA0AC5E07C0}.Debug|Any CPU.ActiveCfg = Debug|Any CPU
		{8708E004-E6EA-4A16-8E3F-6EA0AC5E07C0}.Debug|Any CPU.Build.0 = Debug|Any CPU
		{8708E004-E6EA-4A16-8E3F-6EA0AC5E07C0}.Release|Any CPU.ActiveCfg = Release|Any CPU
		{8708E004-E6EA-4A16-8E3F-6EA0AC5E07C0}.Release|Any CPU.Build.0 = Release|Any CPU
		{B6B493AE-C534-4324-B775-6F4FD4249E5D}.Debug|Any CPU.ActiveCfg = Debug|Any CPU
		{B6B493AE-C534-4324-B775-6F4FD4249E5D}.Debug|Any CPU.Build.0 = Debug|Any CPU
		{B6B493AE-C534-4324-B775-6F4FD4249E5D}.Release|Any CPU.ActiveCfg = Release|Any CPU
		{B6B493AE-C534-4324-B775-6F4FD4249E5D}.Release|Any CPU.Build.0 = Release|Any CPU
		{666FCF4A-A67F-4409-AFDE-8D8B869A804C}.Debug|Any CPU.ActiveCfg = Debug|Any CPU
		{666FCF4A-A67F-4409-AFDE-8D8B869A804C}.Debug|Any CPU.Build.0 = Debug|Any CPU
		{666FCF4A-A67F-4409-AFDE-8D8B869A804C}.Release|Any CPU.ActiveCfg = Release|Any CPU
		{666FCF4A-A67F-4409-AFDE-8D8B869A804C}.Release|Any CPU.Build.0 = Release|Any CPU
		{821B5607-BF7F-4C50-8AEC-61F4AFEFDA1B}.Debug|Any CPU.ActiveCfg = Debug|Any CPU
		{821B5607-BF7F-4C50-8AEC-61F4AFEFDA1B}.Debug|Any CPU.Build.0 = Debug|Any CPU
		{821B5607-BF7F-4C50-8AEC-61F4AFEFDA1B}.Release|Any CPU.ActiveCfg = Release|Any CPU
		{821B5607-BF7F-4C50-8AEC-61F4AFEFDA1B}.Release|Any CPU.Build.0 = Release|Any CPU
		{3AD197E3-30C1-48BF-AADA-3848F1E988DA}.Debug|Any CPU.ActiveCfg = Debug|Any CPU
		{3AD197E3-30C1-48BF-AADA-3848F1E988DA}.Debug|Any CPU.Build.0 = Debug|Any CPU
		{3AD197E3-30C1-48BF-AADA-3848F1E988DA}.Release|Any CPU.ActiveCfg = Release|Any CPU
		{3AD197E3-30C1-48BF-AADA-3848F1E988DA}.Release|Any CPU.Build.0 = Release|Any CPU
		{8EDCF6B4-194B-4CCB-84A3-7B5CEBD872A7}.Debug|Any CPU.ActiveCfg = Debug|Any CPU
		{8EDCF6B4-194B-4CCB-84A3-7B5CEBD872A7}.Debug|Any CPU.Build.0 = Debug|Any CPU
		{8EDCF6B4-194B-4CCB-84A3-7B5CEBD872A7}.Release|Any CPU.ActiveCfg = Release|Any CPU
		{8EDCF6B4-194B-4CCB-84A3-7B5CEBD872A7}.Release|Any CPU.Build.0 = Release|Any CPU
		{A37D6739-C131-4976-9E49-5BCC7BB8A877}.Debug|Any CPU.ActiveCfg = Debug|Any CPU
		{A37D6739-C131-4976-9E49-5BCC7BB8A877}.Debug|Any CPU.Build.0 = Debug|Any CPU
		{A37D6739-C131-4976-9E49-5BCC7BB8A877}.Release|Any CPU.ActiveCfg = Release|Any CPU
		{A37D6739-C131-4976-9E49-5BCC7BB8A877}.Release|Any CPU.Build.0 = Release|Any CPU
		{F62FCFD1-C54D-46C8-B580-935A85E7AEEB}.Debug|Any CPU.ActiveCfg = Debug|Any CPU
		{F62FCFD1-C54D-46C8-B580-935A85E7AEEB}.Debug|Any CPU.Build.0 = Debug|Any CPU
		{F62FCFD1-C54D-46C8-B580-935A85E7AEEB}.Release|Any CPU.ActiveCfg = Release|Any CPU
		{F62FCFD1-C54D-46C8-B580-935A85E7AEEB}.Release|Any CPU.Build.0 = Release|Any CPU
		{3F4DC1A4-47DB-4D47-A11F-A8D022110F50}.Debug|Any CPU.ActiveCfg = Debug|Any CPU
		{3F4DC1A4-47DB-4D47-A11F-A8D022110F50}.Debug|Any CPU.Build.0 = Debug|Any CPU
		{3F4DC1A4-47DB-4D47-A11F-A8D022110F50}.Release|Any CPU.ActiveCfg = Release|Any CPU
		{3F4DC1A4-47DB-4D47-A11F-A8D022110F50}.Release|Any CPU.Build.0 = Release|Any CPU
		{2ACBE3EC-9673-4C15-A5B2-CEC12CB49EAC}.Debug|Any CPU.ActiveCfg = Debug|Any CPU
		{2ACBE3EC-9673-4C15-A5B2-CEC12CB49EAC}.Debug|Any CPU.Build.0 = Debug|Any CPU
		{2ACBE3EC-9673-4C15-A5B2-CEC12CB49EAC}.Release|Any CPU.ActiveCfg = Release|Any CPU
		{2ACBE3EC-9673-4C15-A5B2-CEC12CB49EAC}.Release|Any CPU.Build.0 = Release|Any CPU
		{6B7E7C7D-FCB5-415C-A361-E653CB9EAD72}.Debug|Any CPU.ActiveCfg = Debug|Any CPU
		{6B7E7C7D-FCB5-415C-A361-E653CB9EAD72}.Debug|Any CPU.Build.0 = Debug|Any CPU
		{6B7E7C7D-FCB5-415C-A361-E653CB9EAD72}.Release|Any CPU.ActiveCfg = Release|Any CPU
		{6B7E7C7D-FCB5-415C-A361-E653CB9EAD72}.Release|Any CPU.Build.0 = Release|Any CPU
		{DFB5C1C6-1D71-4494-B364-E794AE6ED7C2}.Debug|Any CPU.ActiveCfg = Debug|Any CPU
		{DFB5C1C6-1D71-4494-B364-E794AE6ED7C2}.Debug|Any CPU.Build.0 = Debug|Any CPU
		{DFB5C1C6-1D71-4494-B364-E794AE6ED7C2}.Release|Any CPU.ActiveCfg = Release|Any CPU
		{DFB5C1C6-1D71-4494-B364-E794AE6ED7C2}.Release|Any CPU.Build.0 = Release|Any CPU
		{33FFDA3E-A966-4015-BDCC-3BC79E166653}.Debug|Any CPU.ActiveCfg = Debug|Any CPU
		{33FFDA3E-A966-4015-BDCC-3BC79E166653}.Debug|Any CPU.Build.0 = Debug|Any CPU
		{33FFDA3E-A966-4015-BDCC-3BC79E166653}.Release|Any CPU.ActiveCfg = Release|Any CPU
		{33FFDA3E-A966-4015-BDCC-3BC79E166653}.Release|Any CPU.Build.0 = Release|Any CPU
		{E90FCCBC-C1DE-4D28-A093-522A38ED1901}.Debug|Any CPU.ActiveCfg = Debug|Any CPU
		{E90FCCBC-C1DE-4D28-A093-522A38ED1901}.Debug|Any CPU.Build.0 = Debug|Any CPU
		{E90FCCBC-C1DE-4D28-A093-522A38ED1901}.Release|Any CPU.ActiveCfg = Release|Any CPU
		{E90FCCBC-C1DE-4D28-A093-522A38ED1901}.Release|Any CPU.Build.0 = Release|Any CPU
		{139E86E5-0FD6-4AB2-855A-FD30EA5C1021}.Debug|Any CPU.ActiveCfg = Debug|Any CPU
		{139E86E5-0FD6-4AB2-855A-FD30EA5C1021}.Debug|Any CPU.Build.0 = Debug|Any CPU
		{139E86E5-0FD6-4AB2-855A-FD30EA5C1021}.Release|Any CPU.ActiveCfg = Release|Any CPU
		{139E86E5-0FD6-4AB2-855A-FD30EA5C1021}.Release|Any CPU.Build.0 = Release|Any CPU
		{C0B03590-D395-47D0-B3FC-7FC6213C566B}.Debug|Any CPU.ActiveCfg = Debug|Any CPU
		{C0B03590-D395-47D0-B3FC-7FC6213C566B}.Debug|Any CPU.Build.0 = Debug|Any CPU
		{C0B03590-D395-47D0-B3FC-7FC6213C566B}.Release|Any CPU.ActiveCfg = Release|Any CPU
		{C0B03590-D395-47D0-B3FC-7FC6213C566B}.Release|Any CPU.Build.0 = Release|Any CPU
		{C6D426D7-B79E-4F45-A235-A8B359A7DC10}.Debug|Any CPU.ActiveCfg = Debug|Any CPU
		{C6D426D7-B79E-4F45-A235-A8B359A7DC10}.Debug|Any CPU.Build.0 = Debug|Any CPU
		{C6D426D7-B79E-4F45-A235-A8B359A7DC10}.Release|Any CPU.ActiveCfg = Release|Any CPU
		{C6D426D7-B79E-4F45-A235-A8B359A7DC10}.Release|Any CPU.Build.0 = Release|Any CPU
		{CFCCA2AC-8483-422C-9CB3-C59091B99BF2}.Debug|Any CPU.ActiveCfg = Debug|Any CPU
		{CFCCA2AC-8483-422C-9CB3-C59091B99BF2}.Debug|Any CPU.Build.0 = Debug|Any CPU
		{CFCCA2AC-8483-422C-9CB3-C59091B99BF2}.Release|Any CPU.ActiveCfg = Release|Any CPU
		{CFCCA2AC-8483-422C-9CB3-C59091B99BF2}.Release|Any CPU.Build.0 = Release|Any CPU
		{224FFCB9-50FE-4250-8E6C-052C3E30C225}.Debug|Any CPU.ActiveCfg = Debug|Any CPU
		{224FFCB9-50FE-4250-8E6C-052C3E30C225}.Debug|Any CPU.Build.0 = Debug|Any CPU
		{224FFCB9-50FE-4250-8E6C-052C3E30C225}.Release|Any CPU.ActiveCfg = Release|Any CPU
		{224FFCB9-50FE-4250-8E6C-052C3E30C225}.Release|Any CPU.Build.0 = Release|Any CPU
		{90AE8B1C-D7F2-4FC2-A7FD-2086671B3CDA}.Debug|Any CPU.ActiveCfg = Debug|Any CPU
		{90AE8B1C-D7F2-4FC2-A7FD-2086671B3CDA}.Debug|Any CPU.Build.0 = Debug|Any CPU
		{90AE8B1C-D7F2-4FC2-A7FD-2086671B3CDA}.Release|Any CPU.ActiveCfg = Release|Any CPU
		{90AE8B1C-D7F2-4FC2-A7FD-2086671B3CDA}.Release|Any CPU.Build.0 = Release|Any CPU
		{5C04EB5F-F9EA-4BA1-9FBE-5A31CF842378}.Debug|Any CPU.ActiveCfg = Debug|Any CPU
		{5C04EB5F-F9EA-4BA1-9FBE-5A31CF842378}.Debug|Any CPU.Build.0 = Debug|Any CPU
		{5C04EB5F-F9EA-4BA1-9FBE-5A31CF842378}.Release|Any CPU.ActiveCfg = Release|Any CPU
		{5C04EB5F-F9EA-4BA1-9FBE-5A31CF842378}.Release|Any CPU.Build.0 = Release|Any CPU
		{8B0D1A8E-4233-4C86-B3D2-0C58CF1E3174}.Debug|Any CPU.ActiveCfg = Debug|Any CPU
		{8B0D1A8E-4233-4C86-B3D2-0C58CF1E3174}.Debug|Any CPU.Build.0 = Debug|Any CPU
		{8B0D1A8E-4233-4C86-B3D2-0C58CF1E3174}.Release|Any CPU.ActiveCfg = Release|Any CPU
		{8B0D1A8E-4233-4C86-B3D2-0C58CF1E3174}.Release|Any CPU.Build.0 = Release|Any CPU
		{5C9206FF-03B3-4F96-AD4A-4C7D17DC5825}.Debug|Any CPU.ActiveCfg = Debug|Any CPU
		{5C9206FF-03B3-4F96-AD4A-4C7D17DC5825}.Debug|Any CPU.Build.0 = Debug|Any CPU
		{5C9206FF-03B3-4F96-AD4A-4C7D17DC5825}.Release|Any CPU.ActiveCfg = Release|Any CPU
		{5C9206FF-03B3-4F96-AD4A-4C7D17DC5825}.Release|Any CPU.Build.0 = Release|Any CPU
		{082161E0-3095-4307-BD02-E69CACBB4A39}.Debug|Any CPU.ActiveCfg = Debug|Any CPU
		{082161E0-3095-4307-BD02-E69CACBB4A39}.Debug|Any CPU.Build.0 = Debug|Any CPU
		{082161E0-3095-4307-BD02-E69CACBB4A39}.Release|Any CPU.ActiveCfg = Release|Any CPU
		{082161E0-3095-4307-BD02-E69CACBB4A39}.Release|Any CPU.Build.0 = Release|Any CPU
		{483B3FEA-88E8-4AB2-A3A8-F4CD780660E5}.Debug|Any CPU.ActiveCfg = Debug|Any CPU
		{483B3FEA-88E8-4AB2-A3A8-F4CD780660E5}.Debug|Any CPU.Build.0 = Debug|Any CPU
		{483B3FEA-88E8-4AB2-A3A8-F4CD780660E5}.Release|Any CPU.ActiveCfg = Release|Any CPU
		{483B3FEA-88E8-4AB2-A3A8-F4CD780660E5}.Release|Any CPU.Build.0 = Release|Any CPU
		{6123FB2F-6DAF-4188-8B43-A97261F0424D}.Debug|Any CPU.ActiveCfg = Debug|Any CPU
		{6123FB2F-6DAF-4188-8B43-A97261F0424D}.Debug|Any CPU.Build.0 = Debug|Any CPU
		{6123FB2F-6DAF-4188-8B43-A97261F0424D}.Release|Any CPU.ActiveCfg = Release|Any CPU
		{6123FB2F-6DAF-4188-8B43-A97261F0424D}.Release|Any CPU.Build.0 = Release|Any CPU
		{EAA7013B-179C-4082-82B2-D8BCE365F086}.Debug|Any CPU.ActiveCfg = Debug|Any CPU
		{EAA7013B-179C-4082-82B2-D8BCE365F086}.Debug|Any CPU.Build.0 = Debug|Any CPU
		{EAA7013B-179C-4082-82B2-D8BCE365F086}.Release|Any CPU.ActiveCfg = Release|Any CPU
		{EAA7013B-179C-4082-82B2-D8BCE365F086}.Release|Any CPU.Build.0 = Release|Any CPU
	EndGlobalSection
	GlobalSection(SolutionProperties) = preSolution
		HideSolutionNode = FALSE
	EndGlobalSection
	GlobalSection(NestedProjects) = preSolution
		{3850FDB0-B538-4195-B67E-ABB6B24261C6} = {19F8458D-CDE7-46C9-A6F1-C67721D4AA4C}
		{4FFD5CB8-CA2D-4785-8F3A-C48FAEC3CF5A} = {19F8458D-CDE7-46C9-A6F1-C67721D4AA4C}
		{0B07769F-2831-4F52-873A-F87BED2B3608} = {19F8458D-CDE7-46C9-A6F1-C67721D4AA4C}
		{D458F10E-6452-4DB3-8DAE-583B0097A70E} = {19F8458D-CDE7-46C9-A6F1-C67721D4AA4C}
		{35CD7B8D-FA9F-451D-A281-015935852CCA} = {19F8458D-CDE7-46C9-A6F1-C67721D4AA4C}
		{98D4DB83-175E-44D5-A14B-9C66EE89F037} = {35CD7B8D-FA9F-451D-A281-015935852CCA}
		{163CCE80-C506-468C-9B28-E2FF198097E3} = {35CD7B8D-FA9F-451D-A281-015935852CCA}
		{DCE9E91E-ADFF-4A01-8868-E42BE859BE81} = {35CD7B8D-FA9F-451D-A281-015935852CCA}
		{65C74AF4-5ED5-4708-A809-E3F6BABA1C59} = {3850FDB0-B538-4195-B67E-ABB6B24261C6}
		{665BFFBC-CD60-4D31-852F-9154F59E8C95} = {3850FDB0-B538-4195-B67E-ABB6B24261C6}
		{03465169-4A4A-4F85-AB04-A9A2C02CD0E6} = {0B07769F-2831-4F52-873A-F87BED2B3608}
		{7434DD11-98BF-47C9-B06F-B6E3B73643DC} = {0B07769F-2831-4F52-873A-F87BED2B3608}
		{CE57A328-69EF-4828-A144-422FDDB4CCC0} = {0B07769F-2831-4F52-873A-F87BED2B3608}
		{67E3BFB6-5E23-4D50-BB6B-3D5B5FE752AD} = {0B07769F-2831-4F52-873A-F87BED2B3608}
		{26802BD9-DDF4-48B5-A478-01FD5EC330E3} = {0B07769F-2831-4F52-873A-F87BED2B3608}
		{B401B968-9501-4DB3-8B6A-71F227518E75} = {4FFD5CB8-CA2D-4785-8F3A-C48FAEC3CF5A}
		{8708E004-E6EA-4A16-8E3F-6EA0AC5E07C0} = {648B6512-EE67-49BA-AA9E-6FEDCACB4F12}
		{17D7BD92-FE48-4363-9100-19EE53B95C05} = {906C1484-9D1B-4010-A897-2E845CAE811C}
		{1343661D-649C-4A5F-BFB7-E4B477A191E6} = {906C1484-9D1B-4010-A897-2E845CAE811C}
		{111F76F0-7135-4867-A298-C3CF67FD9AE5} = {906C1484-9D1B-4010-A897-2E845CAE811C}
		{ABB0FE41-F8CB-4B73-8411-DB57008D233F} = {17D7BD92-FE48-4363-9100-19EE53B95C05}
		{7CA38A0B-4CDC-48D1-AE26-279877B99BE9} = {17D7BD92-FE48-4363-9100-19EE53B95C05}
		{F84F21D7-FE10-41C1-BB44-D6B608A2B309} = {17D7BD92-FE48-4363-9100-19EE53B95C05}
		{A331CBD6-4A4A-4807-99BF-A9D38FBB7B87} = {17D7BD92-FE48-4363-9100-19EE53B95C05}
		{BB7CD01F-7684-487D-AB28-C7480CB721DF} = {17D7BD92-FE48-4363-9100-19EE53B95C05}
		{648B6512-EE67-49BA-AA9E-6FEDCACB4F12} = {17D7BD92-FE48-4363-9100-19EE53B95C05}
		{B6B493AE-C534-4324-B775-6F4FD4249E5D} = {111F76F0-7135-4867-A298-C3CF67FD9AE5}
		{666FCF4A-A67F-4409-AFDE-8D8B869A804C} = {111F76F0-7135-4867-A298-C3CF67FD9AE5}
		{821B5607-BF7F-4C50-8AEC-61F4AFEFDA1B} = {111F76F0-7135-4867-A298-C3CF67FD9AE5}
		{3AD197E3-30C1-48BF-AADA-3848F1E988DA} = {111F76F0-7135-4867-A298-C3CF67FD9AE5}
		{8EDCF6B4-194B-4CCB-84A3-7B5CEBD872A7} = {1343661D-649C-4A5F-BFB7-E4B477A191E6}
		{A37D6739-C131-4976-9E49-5BCC7BB8A877} = {1343661D-649C-4A5F-BFB7-E4B477A191E6}
		{F62FCFD1-C54D-46C8-B580-935A85E7AEEB} = {1343661D-649C-4A5F-BFB7-E4B477A191E6}
		{3F4DC1A4-47DB-4D47-A11F-A8D022110F50} = {1343661D-649C-4A5F-BFB7-E4B477A191E6}
		{2ACBE3EC-9673-4C15-A5B2-CEC12CB49EAC} = {1343661D-649C-4A5F-BFB7-E4B477A191E6}
		{6B7E7C7D-FCB5-415C-A361-E653CB9EAD72} = {1343661D-649C-4A5F-BFB7-E4B477A191E6}
		{DFB5C1C6-1D71-4494-B364-E794AE6ED7C2} = {ABB0FE41-F8CB-4B73-8411-DB57008D233F}
		{33FFDA3E-A966-4015-BDCC-3BC79E166653} = {ABB0FE41-F8CB-4B73-8411-DB57008D233F}
		{E90FCCBC-C1DE-4D28-A093-522A38ED1901} = {ABB0FE41-F8CB-4B73-8411-DB57008D233F}
		{139E86E5-0FD6-4AB2-855A-FD30EA5C1021} = {7CA38A0B-4CDC-48D1-AE26-279877B99BE9}
		{C0B03590-D395-47D0-B3FC-7FC6213C566B} = {7CA38A0B-4CDC-48D1-AE26-279877B99BE9}
		{C6D426D7-B79E-4F45-A235-A8B359A7DC10} = {7CA38A0B-4CDC-48D1-AE26-279877B99BE9}
		{CFCCA2AC-8483-422C-9CB3-C59091B99BF2} = {F84F21D7-FE10-41C1-BB44-D6B608A2B309}
		{224FFCB9-50FE-4250-8E6C-052C3E30C225} = {F84F21D7-FE10-41C1-BB44-D6B608A2B309}
		{90AE8B1C-D7F2-4FC2-A7FD-2086671B3CDA} = {F84F21D7-FE10-41C1-BB44-D6B608A2B309}
		{5C04EB5F-F9EA-4BA1-9FBE-5A31CF842378} = {A331CBD6-4A4A-4807-99BF-A9D38FBB7B87}
		{8B0D1A8E-4233-4C86-B3D2-0C58CF1E3174} = {A331CBD6-4A4A-4807-99BF-A9D38FBB7B87}
		{5C9206FF-03B3-4F96-AD4A-4C7D17DC5825} = {A331CBD6-4A4A-4807-99BF-A9D38FBB7B87}
		{082161E0-3095-4307-BD02-E69CACBB4A39} = {BB7CD01F-7684-487D-AB28-C7480CB721DF}
		{483B3FEA-88E8-4AB2-A3A8-F4CD780660E5} = {BB7CD01F-7684-487D-AB28-C7480CB721DF}
		{6123FB2F-6DAF-4188-8B43-A97261F0424D} = {BB7CD01F-7684-487D-AB28-C7480CB721DF}
		{EAA7013B-179C-4082-82B2-D8BCE365F086} = {1343661D-649C-4A5F-BFB7-E4B477A191E6}
	EndGlobalSection
EndGlobal
