
Microsoft Visual Studio Solution File, Format Version 12.00
# Visual Studio 2013
VisualStudioVersion = 12.0.31101.0
MinimumVisualStudioVersion = 10.0.40219.1
Project("{FAE04EC0-301F-11D3-BF4B-00C04F79EFBC}") = "Common", "Common\Common.csproj", "{821B5607-BF7F-4C50-8AEC-61F4AFEFDA1B}"
EndProject
Project("{FAE04EC0-301F-11D3-BF4B-00C04F79EFBC}") = "BenchmarkList", "Benchmarks\BenchmarkList.csproj", "{666FCF4A-A67F-4409-AFDE-8D8B869A804C}"
EndProject
Project("{2150E333-8FDC-42A3-9474-1A3956D46DE8}") = "Hello", "Hello", "{EFC633CE-407B-4B49-8CEC-A8B28921668E}"
EndProject
Project("{2150E333-8FDC-42A3-9474-1A3956D46DE8}") = "AzureDeployment", "AzureDeployment", "{EDB26971-A1EA-4A8C-BE89-504475EC639A}"
EndProject
Project("{FAE04EC0-301F-11D3-BF4B-00C04F79EFBC}") = "Conductor.WebRole", "Conductor.Webrole\Conductor.WebRole.csproj", "{A37D6739-C131-4976-9E49-5BCC7BB8A877}"
EndProject
Project("{CC5FD16D-436D-48AD-A40C-5A424C6E3E79}") = "Conductor", "Conductor\Conductor.ccproj", "{8EDCF6B4-194B-4CCB-84A3-7B5CEBD872A7}"
EndProject
Project("{FAE04EC0-301F-11D3-BF4B-00C04F79EFBC}") = "Orleans.Silos", "Orleans.Silos\Orleans.Silos.csproj", "{6B7E7C7D-FCB5-415C-A361-E653CB9EAD72}"
EndProject
Project("{FAE04EC0-301F-11D3-BF4B-00C04F79EFBC}") = "Orleans.Frontend", "Orleans.Frontend\Orleans.Frontend.csproj", "{2ACBE3EC-9673-4C15-A5B2-CEC12CB49EAC}"
EndProject
Project("{CC5FD16D-436D-48AD-A40C-5A424C6E3E79}") = "Orleans", "Orleans\Orleans.ccproj", "{3F4DC1A4-47DB-4D47-A11F-A8D022110F50}"
EndProject
Project("{FAE04EC0-301F-11D3-BF4B-00C04F79EFBC}") = "LocalDeployment", "LocalSimulation\LocalDeployment.csproj", "{3AD197E3-30C1-48BF-AADA-3848F1E988DA}"
EndProject
Project("{CC5FD16D-436D-48AD-A40C-5A424C6E3E79}") = "LoadGenerator", "LoadGenerator\LoadGenerator.ccproj", "{EAA7013B-179C-4082-82B2-D8BCE365F086}"
EndProject
Project("{FAE04EC0-301F-11D3-BF4B-00C04F79EFBC}") = "LoadGenerator.WorkerRole", "LoadGenerator.WorkerRole\LoadGenerator.WorkerRole.csproj", "{F62FCFD1-C54D-46C8-B580-935A85E7AEEB}"
EndProject
Project("{2150E333-8FDC-42A3-9474-1A3956D46DE8}") = "Applications", "Applications", "{8588487F-7D5D-4715-BB10-293015FFFBD9}"
EndProject
Project("{FAE04EC0-301F-11D3-BF4B-00C04F79EFBC}") = "Hello.Benchmark", "Applications\Hello\Benchmark\Hello.Benchmark.csproj", "{139E86E5-0FD6-4AB2-855A-FD30EA5C1021}"
EndProject
Project("{FAE04EC0-301F-11D3-BF4B-00C04F79EFBC}") = "Hello.Grains", "Applications\Hello\Grains\Hello.Grains.csproj", "{C0B03590-D395-47D0-B3FC-7FC6213C566B}"
EndProject
Project("{FAE04EC0-301F-11D3-BF4B-00C04F79EFBC}") = "Hello.Interfaces", "Applications\Hello\Interfaces\Hello.Interfaces.csproj", "{C6D426D7-B79E-4F45-A235-A8B359A7DC10}"
EndProject
Project("{2150E333-8FDC-42A3-9474-1A3956D46DE8}") = ".nuget", ".nuget", "{8557ADD2-360C-47EE-9B1A-298E01A7E5FF}"
	ProjectSection(SolutionItems) = preProject
		.nuget\NuGet.Config = .nuget\NuGet.Config
		.nuget\NuGet.exe = .nuget\NuGet.exe
		.nuget\NuGet.targets = .nuget\NuGet.targets
	EndProjectSection
EndProject
Project("{2150E333-8FDC-42A3-9474-1A3956D46DE8}") = "Framework", "Framework", "{15303799-F1BD-49D8-84F1-4FDA146915E0}"
EndProject
Project("{2150E333-8FDC-42A3-9474-1A3956D46DE8}") = "Leaderboard", "Leaderboard", "{C5994494-8A9A-4A6C-905D-E9383997E4A1}"
EndProject
Project("{FAE04EC0-301F-11D3-BF4B-00C04F79EFBC}") = "Leaderboard.Grains", "Applications\Leaderboard\Grains\Leaderboard.Grains.csproj", "{90AE8B1C-D7F2-4FC2-A7FD-2086671B3CDA}"
EndProject
Project("{FAE04EC0-301F-11D3-BF4B-00C04F79EFBC}") = "Leaderboard.Interfaces", "Applications\Leaderboard\Interfaces\Leaderboard.Interfaces.csproj", "{224FFCB9-50FE-4250-8E6C-052C3E30C225}"
EndProject
Project("{FAE04EC0-301F-11D3-BF4B-00C04F79EFBC}") = "Leaderboard.Benchmark", "Applications\Leaderboard\Benchmark\Leaderboard.Benchmark.csproj", "{CFCCA2AC-8483-422C-9CB3-C59091B99BF2}"
EndProject
Project("{2150E333-8FDC-42A3-9474-1A3956D46DE8}") = "ReplicatedGrains", "ReplicatedGrains", "{601A0981-EA0C-44ED-A36F-0D705E21DDCB}"
EndProject
Project("{FAE04EC0-301F-11D3-BF4B-00C04F79EFBC}") = "Examples.Test", "..\Samples\ReplicatedGrains\Examples.Console\Examples.Test.csproj", "{F452AD66-9AEA-489E-98CE-BF18D71FCA80}"
EndProject
Project("{FAE04EC0-301F-11D3-BF4B-00C04F79EFBC}") = "Examples.Interfaces", "..\Samples\ReplicatedGrains\Examples.Interfaces\Examples.Interfaces.csproj", "{163CCE80-C506-468C-9B28-E2FF198097E3}"
EndProject
Project("{FAE04EC0-301F-11D3-BF4B-00C04F79EFBC}") = "Examples.Grains", "..\Samples\ReplicatedGrains\Examples.Grains\Examples.Grains.csproj", "{DCE9E91E-ADFF-4A01-8868-E42BE859BE81}"
EndProject
Project("{FAE04EC0-301F-11D3-BF4B-00C04F79EFBC}") = "ReplicatedGrains", "..\Samples\ReplicatedGrains\ReplicatedGrains\ReplicatedGrains.csproj", "{98D4DB83-175E-44D5-A14B-9C66EE89F037}"
EndProject
Project("{2150E333-8FDC-42A3-9474-1A3956D46DE8}") = "Size", "Size", "{49060C16-26E8-4EE0-A034-76C117658045}"
EndProject
Project("{FAE04EC0-301F-11D3-BF4B-00C04F79EFBC}") = "Size.Grains", "Applications\Size\Grains\Size.Grains.csproj", "{483B3FEA-88E8-4AB2-A3A8-F4CD780660E5}"
EndProject
Project("{FAE04EC0-301F-11D3-BF4B-00C04F79EFBC}") = "Size.Benchmark", "Applications\Size\Benchmark\Size.Benchmark.csproj", "{6123FB2F-6DAF-4188-8B43-A97261F0424D}"
EndProject
Project("{FAE04EC0-301F-11D3-BF4B-00C04F79EFBC}") = "Size.Interfaces", "Applications\Size\Interfaces\Size.Interfaces.csproj", "{082161E0-3095-4307-BD02-E69CACBB4A39}"
EndProject
Project("{2150E333-8FDC-42A3-9474-1A3956D46DE8}") = "Computation", "Computation", "{D89511CF-C2E7-4C9C-93AA-938FC08D7593}"
EndProject
Project("{FAE04EC0-301F-11D3-BF4B-00C04F79EFBC}") = "Computation.Grains", "Applications\Computation\Grains\Computation.Grains.csproj", "{E90FCCBC-C1DE-4D28-A093-522A38ED1901}"
EndProject
Project("{FAE04EC0-301F-11D3-BF4B-00C04F79EFBC}") = "Computation.Interfaces", "Applications\Computation\Interfaces\Computation.Interfaces.csproj", "{33FFDA3E-A966-4015-BDCC-3BC79E166653}"
EndProject
Project("{2150E333-8FDC-42A3-9474-1A3956D46DE8}") = "Test", "Test", "{19F4F6F7-ACDC-408F-BDFA-40D1C2060732}"
EndProject
Project("{FAE04EC0-301F-11D3-BF4B-00C04F79EFBC}") = "Computation.Benchmarks", "Applications\Computation\Benchmarks\Computation.Benchmarks.csproj", "{DFB5C1C6-1D71-4494-B364-E794AE6ED7C2}"
EndProject
Project("{2150E333-8FDC-42A3-9474-1A3956D46DE8}") = "AzureBenchmark", "AzureBenchmark", "{3D45AA33-84A2-47EF-9C94-F5EB141C605C}"
EndProject
Project("{FAE04EC0-301F-11D3-BF4B-00C04F79EFBC}") = "Azure.Storage", "Benchmarks\Azure.Storage\Azure.Storage.csproj", "{8708E004-E6EA-4A16-8E3F-6EA0AC5E07C0}"
EndProject
Global
	GlobalSection(SolutionConfigurationPlatforms) = preSolution
		Debug|Any CPU = Debug|Any CPU
		Release|Any CPU = Release|Any CPU
	EndGlobalSection
	GlobalSection(ProjectConfigurationPlatforms) = postSolution
		{821B5607-BF7F-4C50-8AEC-61F4AFEFDA1B}.Debug|Any CPU.ActiveCfg = Debug|Any CPU
		{821B5607-BF7F-4C50-8AEC-61F4AFEFDA1B}.Debug|Any CPU.Build.0 = Debug|Any CPU
		{821B5607-BF7F-4C50-8AEC-61F4AFEFDA1B}.Release|Any CPU.ActiveCfg = Release|Any CPU
		{821B5607-BF7F-4C50-8AEC-61F4AFEFDA1B}.Release|Any CPU.Build.0 = Release|Any CPU
		{666FCF4A-A67F-4409-AFDE-8D8B869A804C}.Debug|Any CPU.ActiveCfg = Debug|Any CPU
		{666FCF4A-A67F-4409-AFDE-8D8B869A804C}.Debug|Any CPU.Build.0 = Debug|Any CPU
		{666FCF4A-A67F-4409-AFDE-8D8B869A804C}.Release|Any CPU.ActiveCfg = Release|Any CPU
		{666FCF4A-A67F-4409-AFDE-8D8B869A804C}.Release|Any CPU.Build.0 = Release|Any CPU
		{A37D6739-C131-4976-9E49-5BCC7BB8A877}.Debug|Any CPU.ActiveCfg = Debug|Any CPU
		{A37D6739-C131-4976-9E49-5BCC7BB8A877}.Debug|Any CPU.Build.0 = Debug|Any CPU
		{A37D6739-C131-4976-9E49-5BCC7BB8A877}.Release|Any CPU.ActiveCfg = Release|Any CPU
		{A37D6739-C131-4976-9E49-5BCC7BB8A877}.Release|Any CPU.Build.0 = Release|Any CPU
		{8EDCF6B4-194B-4CCB-84A3-7B5CEBD872A7}.Debug|Any CPU.ActiveCfg = Debug|Any CPU
		{8EDCF6B4-194B-4CCB-84A3-7B5CEBD872A7}.Debug|Any CPU.Build.0 = Debug|Any CPU
		{8EDCF6B4-194B-4CCB-84A3-7B5CEBD872A7}.Release|Any CPU.ActiveCfg = Release|Any CPU
		{8EDCF6B4-194B-4CCB-84A3-7B5CEBD872A7}.Release|Any CPU.Build.0 = Release|Any CPU
		{6B7E7C7D-FCB5-415C-A361-E653CB9EAD72}.Debug|Any CPU.ActiveCfg = Debug|Any CPU
		{6B7E7C7D-FCB5-415C-A361-E653CB9EAD72}.Debug|Any CPU.Build.0 = Debug|Any CPU
		{6B7E7C7D-FCB5-415C-A361-E653CB9EAD72}.Release|Any CPU.ActiveCfg = Release|Any CPU
		{6B7E7C7D-FCB5-415C-A361-E653CB9EAD72}.Release|Any CPU.Build.0 = Release|Any CPU
		{2ACBE3EC-9673-4C15-A5B2-CEC12CB49EAC}.Debug|Any CPU.ActiveCfg = Debug|Any CPU
		{2ACBE3EC-9673-4C15-A5B2-CEC12CB49EAC}.Debug|Any CPU.Build.0 = Debug|Any CPU
		{2ACBE3EC-9673-4C15-A5B2-CEC12CB49EAC}.Release|Any CPU.ActiveCfg = Release|Any CPU
		{2ACBE3EC-9673-4C15-A5B2-CEC12CB49EAC}.Release|Any CPU.Build.0 = Release|Any CPU
		{3F4DC1A4-47DB-4D47-A11F-A8D022110F50}.Debug|Any CPU.ActiveCfg = Debug|Any CPU
		{3F4DC1A4-47DB-4D47-A11F-A8D022110F50}.Debug|Any CPU.Build.0 = Debug|Any CPU
		{3F4DC1A4-47DB-4D47-A11F-A8D022110F50}.Release|Any CPU.ActiveCfg = Release|Any CPU
		{3F4DC1A4-47DB-4D47-A11F-A8D022110F50}.Release|Any CPU.Build.0 = Release|Any CPU
		{3AD197E3-30C1-48BF-AADA-3848F1E988DA}.Debug|Any CPU.ActiveCfg = Debug|Any CPU
		{3AD197E3-30C1-48BF-AADA-3848F1E988DA}.Debug|Any CPU.Build.0 = Debug|Any CPU
		{3AD197E3-30C1-48BF-AADA-3848F1E988DA}.Release|Any CPU.ActiveCfg = Release|Any CPU
		{3AD197E3-30C1-48BF-AADA-3848F1E988DA}.Release|Any CPU.Build.0 = Release|Any CPU
		{EAA7013B-179C-4082-82B2-D8BCE365F086}.Debug|Any CPU.ActiveCfg = Debug|Any CPU
		{EAA7013B-179C-4082-82B2-D8BCE365F086}.Debug|Any CPU.Build.0 = Debug|Any CPU
		{EAA7013B-179C-4082-82B2-D8BCE365F086}.Release|Any CPU.ActiveCfg = Release|Any CPU
		{EAA7013B-179C-4082-82B2-D8BCE365F086}.Release|Any CPU.Build.0 = Release|Any CPU
		{F62FCFD1-C54D-46C8-B580-935A85E7AEEB}.Debug|Any CPU.ActiveCfg = Debug|Any CPU
		{F62FCFD1-C54D-46C8-B580-935A85E7AEEB}.Debug|Any CPU.Build.0 = Debug|Any CPU
		{F62FCFD1-C54D-46C8-B580-935A85E7AEEB}.Release|Any CPU.ActiveCfg = Release|Any CPU
		{F62FCFD1-C54D-46C8-B580-935A85E7AEEB}.Release|Any CPU.Build.0 = Release|Any CPU
		{139E86E5-0FD6-4AB2-855A-FD30EA5C1021}.Debug|Any CPU.ActiveCfg = Debug|Any CPU
		{139E86E5-0FD6-4AB2-855A-FD30EA5C1021}.Debug|Any CPU.Build.0 = Debug|Any CPU
		{139E86E5-0FD6-4AB2-855A-FD30EA5C1021}.Release|Any CPU.ActiveCfg = Release|Any CPU
		{139E86E5-0FD6-4AB2-855A-FD30EA5C1021}.Release|Any CPU.Build.0 = Release|Any CPU
		{C0B03590-D395-47D0-B3FC-7FC6213C566B}.Debug|Any CPU.ActiveCfg = Debug|Any CPU
		{C0B03590-D395-47D0-B3FC-7FC6213C566B}.Debug|Any CPU.Build.0 = Debug|Any CPU
		{C0B03590-D395-47D0-B3FC-7FC6213C566B}.Release|Any CPU.ActiveCfg = Release|Any CPU
		{C0B03590-D395-47D0-B3FC-7FC6213C566B}.Release|Any CPU.Build.0 = Release|Any CPU
		{C6D426D7-B79E-4F45-A235-A8B359A7DC10}.Debug|Any CPU.ActiveCfg = Debug|Any CPU
		{C6D426D7-B79E-4F45-A235-A8B359A7DC10}.Debug|Any CPU.Build.0 = Debug|Any CPU
		{C6D426D7-B79E-4F45-A235-A8B359A7DC10}.Release|Any CPU.ActiveCfg = Release|Any CPU
		{C6D426D7-B79E-4F45-A235-A8B359A7DC10}.Release|Any CPU.Build.0 = Release|Any CPU
		{90AE8B1C-D7F2-4FC2-A7FD-2086671B3CDA}.Debug|Any CPU.ActiveCfg = Debug|Any CPU
		{90AE8B1C-D7F2-4FC2-A7FD-2086671B3CDA}.Debug|Any CPU.Build.0 = Debug|Any CPU
		{90AE8B1C-D7F2-4FC2-A7FD-2086671B3CDA}.Release|Any CPU.ActiveCfg = Release|Any CPU
		{90AE8B1C-D7F2-4FC2-A7FD-2086671B3CDA}.Release|Any CPU.Build.0 = Release|Any CPU
		{224FFCB9-50FE-4250-8E6C-052C3E30C225}.Debug|Any CPU.ActiveCfg = Debug|Any CPU
		{224FFCB9-50FE-4250-8E6C-052C3E30C225}.Debug|Any CPU.Build.0 = Debug|Any CPU
		{224FFCB9-50FE-4250-8E6C-052C3E30C225}.Release|Any CPU.ActiveCfg = Release|Any CPU
		{224FFCB9-50FE-4250-8E6C-052C3E30C225}.Release|Any CPU.Build.0 = Release|Any CPU
		{CFCCA2AC-8483-422C-9CB3-C59091B99BF2}.Debug|Any CPU.ActiveCfg = Debug|Any CPU
		{CFCCA2AC-8483-422C-9CB3-C59091B99BF2}.Debug|Any CPU.Build.0 = Debug|Any CPU
		{CFCCA2AC-8483-422C-9CB3-C59091B99BF2}.Release|Any CPU.ActiveCfg = Release|Any CPU
		{CFCCA2AC-8483-422C-9CB3-C59091B99BF2}.Release|Any CPU.Build.0 = Release|Any CPU
		{F452AD66-9AEA-489E-98CE-BF18D71FCA80}.Debug|Any CPU.ActiveCfg = Debug|Any CPU
		{F452AD66-9AEA-489E-98CE-BF18D71FCA80}.Debug|Any CPU.Build.0 = Debug|Any CPU
		{F452AD66-9AEA-489E-98CE-BF18D71FCA80}.Release|Any CPU.ActiveCfg = Release|Any CPU
		{F452AD66-9AEA-489E-98CE-BF18D71FCA80}.Release|Any CPU.Build.0 = Release|Any CPU
		{163CCE80-C506-468C-9B28-E2FF198097E3}.Debug|Any CPU.ActiveCfg = Debug|Any CPU
		{163CCE80-C506-468C-9B28-E2FF198097E3}.Debug|Any CPU.Build.0 = Debug|Any CPU
		{163CCE80-C506-468C-9B28-E2FF198097E3}.Release|Any CPU.ActiveCfg = Release|Any CPU
		{163CCE80-C506-468C-9B28-E2FF198097E3}.Release|Any CPU.Build.0 = Release|Any CPU
		{DCE9E91E-ADFF-4A01-8868-E42BE859BE81}.Debug|Any CPU.ActiveCfg = Debug|Any CPU
		{DCE9E91E-ADFF-4A01-8868-E42BE859BE81}.Debug|Any CPU.Build.0 = Debug|Any CPU
		{DCE9E91E-ADFF-4A01-8868-E42BE859BE81}.Release|Any CPU.ActiveCfg = Release|Any CPU
		{DCE9E91E-ADFF-4A01-8868-E42BE859BE81}.Release|Any CPU.Build.0 = Release|Any CPU
		{98D4DB83-175E-44D5-A14B-9C66EE89F037}.Debug|Any CPU.ActiveCfg = Debug|Any CPU
		{98D4DB83-175E-44D5-A14B-9C66EE89F037}.Debug|Any CPU.Build.0 = Debug|Any CPU
		{98D4DB83-175E-44D5-A14B-9C66EE89F037}.Release|Any CPU.ActiveCfg = Release|Any CPU
		{98D4DB83-175E-44D5-A14B-9C66EE89F037}.Release|Any CPU.Build.0 = Release|Any CPU
		{483B3FEA-88E8-4AB2-A3A8-F4CD780660E5}.Debug|Any CPU.ActiveCfg = Debug|Any CPU
		{483B3FEA-88E8-4AB2-A3A8-F4CD780660E5}.Debug|Any CPU.Build.0 = Debug|Any CPU
		{483B3FEA-88E8-4AB2-A3A8-F4CD780660E5}.Release|Any CPU.ActiveCfg = Release|Any CPU
		{483B3FEA-88E8-4AB2-A3A8-F4CD780660E5}.Release|Any CPU.Build.0 = Release|Any CPU
		{6123FB2F-6DAF-4188-8B43-A97261F0424D}.Debug|Any CPU.ActiveCfg = Debug|Any CPU
		{6123FB2F-6DAF-4188-8B43-A97261F0424D}.Debug|Any CPU.Build.0 = Debug|Any CPU
		{6123FB2F-6DAF-4188-8B43-A97261F0424D}.Release|Any CPU.ActiveCfg = Release|Any CPU
		{6123FB2F-6DAF-4188-8B43-A97261F0424D}.Release|Any CPU.Build.0 = Release|Any CPU
		{082161E0-3095-4307-BD02-E69CACBB4A39}.Debug|Any CPU.ActiveCfg = Debug|Any CPU
		{082161E0-3095-4307-BD02-E69CACBB4A39}.Debug|Any CPU.Build.0 = Debug|Any CPU
		{082161E0-3095-4307-BD02-E69CACBB4A39}.Release|Any CPU.ActiveCfg = Release|Any CPU
		{082161E0-3095-4307-BD02-E69CACBB4A39}.Release|Any CPU.Build.0 = Release|Any CPU
		{E90FCCBC-C1DE-4D28-A093-522A38ED1901}.Debug|Any CPU.ActiveCfg = Debug|Any CPU
		{E90FCCBC-C1DE-4D28-A093-522A38ED1901}.Debug|Any CPU.Build.0 = Debug|Any CPU
		{E90FCCBC-C1DE-4D28-A093-522A38ED1901}.Release|Any CPU.ActiveCfg = Release|Any CPU
		{E90FCCBC-C1DE-4D28-A093-522A38ED1901}.Release|Any CPU.Build.0 = Release|Any CPU
		{33FFDA3E-A966-4015-BDCC-3BC79E166653}.Debug|Any CPU.ActiveCfg = Debug|Any CPU
		{33FFDA3E-A966-4015-BDCC-3BC79E166653}.Debug|Any CPU.Build.0 = Debug|Any CPU
		{33FFDA3E-A966-4015-BDCC-3BC79E166653}.Release|Any CPU.ActiveCfg = Release|Any CPU
		{33FFDA3E-A966-4015-BDCC-3BC79E166653}.Release|Any CPU.Build.0 = Release|Any CPU
		{DFB5C1C6-1D71-4494-B364-E794AE6ED7C2}.Debug|Any CPU.ActiveCfg = Debug|Any CPU
		{DFB5C1C6-1D71-4494-B364-E794AE6ED7C2}.Debug|Any CPU.Build.0 = Debug|Any CPU
		{DFB5C1C6-1D71-4494-B364-E794AE6ED7C2}.Release|Any CPU.ActiveCfg = Release|Any CPU
		{DFB5C1C6-1D71-4494-B364-E794AE6ED7C2}.Release|Any CPU.Build.0 = Release|Any CPU
		{8708E004-E6EA-4A16-8E3F-6EA0AC5E07C0}.Debug|Any CPU.ActiveCfg = Debug|Any CPU
		{8708E004-E6EA-4A16-8E3F-6EA0AC5E07C0}.Debug|Any CPU.Build.0 = Debug|Any CPU
		{8708E004-E6EA-4A16-8E3F-6EA0AC5E07C0}.Release|Any CPU.ActiveCfg = Release|Any CPU
		{8708E004-E6EA-4A16-8E3F-6EA0AC5E07C0}.Release|Any CPU.Build.0 = Release|Any CPU
	EndGlobalSection
	GlobalSection(SolutionProperties) = preSolution
		HideSolutionNode = FALSE
	EndGlobalSection
	GlobalSection(NestedProjects) = preSolution
		{821B5607-BF7F-4C50-8AEC-61F4AFEFDA1B} = {15303799-F1BD-49D8-84F1-4FDA146915E0}
		{666FCF4A-A67F-4409-AFDE-8D8B869A804C} = {15303799-F1BD-49D8-84F1-4FDA146915E0}
		{EFC633CE-407B-4B49-8CEC-A8B28921668E} = {8588487F-7D5D-4715-BB10-293015FFFBD9}
		{A37D6739-C131-4976-9E49-5BCC7BB8A877} = {EDB26971-A1EA-4A8C-BE89-504475EC639A}
		{8EDCF6B4-194B-4CCB-84A3-7B5CEBD872A7} = {EDB26971-A1EA-4A8C-BE89-504475EC639A}
		{6B7E7C7D-FCB5-415C-A361-E653CB9EAD72} = {EDB26971-A1EA-4A8C-BE89-504475EC639A}
		{2ACBE3EC-9673-4C15-A5B2-CEC12CB49EAC} = {EDB26971-A1EA-4A8C-BE89-504475EC639A}
		{3F4DC1A4-47DB-4D47-A11F-A8D022110F50} = {EDB26971-A1EA-4A8C-BE89-504475EC639A}
		{3AD197E3-30C1-48BF-AADA-3848F1E988DA} = {15303799-F1BD-49D8-84F1-4FDA146915E0}
		{EAA7013B-179C-4082-82B2-D8BCE365F086} = {EDB26971-A1EA-4A8C-BE89-504475EC639A}
		{F62FCFD1-C54D-46C8-B580-935A85E7AEEB} = {EDB26971-A1EA-4A8C-BE89-504475EC639A}
		{139E86E5-0FD6-4AB2-855A-FD30EA5C1021} = {EFC633CE-407B-4B49-8CEC-A8B28921668E}
		{C0B03590-D395-47D0-B3FC-7FC6213C566B} = {EFC633CE-407B-4B49-8CEC-A8B28921668E}
		{C6D426D7-B79E-4F45-A235-A8B359A7DC10} = {EFC633CE-407B-4B49-8CEC-A8B28921668E}
		{C5994494-8A9A-4A6C-905D-E9383997E4A1} = {8588487F-7D5D-4715-BB10-293015FFFBD9}
		{90AE8B1C-D7F2-4FC2-A7FD-2086671B3CDA} = {C5994494-8A9A-4A6C-905D-E9383997E4A1}
		{224FFCB9-50FE-4250-8E6C-052C3E30C225} = {C5994494-8A9A-4A6C-905D-E9383997E4A1}
		{CFCCA2AC-8483-422C-9CB3-C59091B99BF2} = {C5994494-8A9A-4A6C-905D-E9383997E4A1}
		{F452AD66-9AEA-489E-98CE-BF18D71FCA80} = {601A0981-EA0C-44ED-A36F-0D705E21DDCB}
		{163CCE80-C506-468C-9B28-E2FF198097E3} = {601A0981-EA0C-44ED-A36F-0D705E21DDCB}
		{DCE9E91E-ADFF-4A01-8868-E42BE859BE81} = {601A0981-EA0C-44ED-A36F-0D705E21DDCB}
		{98D4DB83-175E-44D5-A14B-9C66EE89F037} = {601A0981-EA0C-44ED-A36F-0D705E21DDCB}
		{49060C16-26E8-4EE0-A034-76C117658045} = {8588487F-7D5D-4715-BB10-293015FFFBD9}
		{483B3FEA-88E8-4AB2-A3A8-F4CD780660E5} = {49060C16-26E8-4EE0-A034-76C117658045}
		{6123FB2F-6DAF-4188-8B43-A97261F0424D} = {49060C16-26E8-4EE0-A034-76C117658045}
		{082161E0-3095-4307-BD02-E69CACBB4A39} = {49060C16-26E8-4EE0-A034-76C117658045}
		{D89511CF-C2E7-4C9C-93AA-938FC08D7593} = {8588487F-7D5D-4715-BB10-293015FFFBD9}
		{E90FCCBC-C1DE-4D28-A093-522A38ED1901} = {D89511CF-C2E7-4C9C-93AA-938FC08D7593}
		{33FFDA3E-A966-4015-BDCC-3BC79E166653} = {D89511CF-C2E7-4C9C-93AA-938FC08D7593}
		{19F4F6F7-ACDC-408F-BDFA-40D1C2060732} = {8588487F-7D5D-4715-BB10-293015FFFBD9}
		{DFB5C1C6-1D71-4494-B364-E794AE6ED7C2} = {D89511CF-C2E7-4C9C-93AA-938FC08D7593}
		{8708E004-E6EA-4A16-8E3F-6EA0AC5E07C0} = {3D45AA33-84A2-47EF-9C94-F5EB141C605C}
	EndGlobalSection
EndGlobal
